# This file is automatically @generated by Cargo.
# It is not intended for manual editing.
[[package]]
name = "ruspiro-interrupt-core"
version = "0.2.0"
source = "registry+https://github.com/rust-lang/crates.io-index"

[[package]]
name = "ruspiro-lock"
version = "0.2.0"
source = "registry+https://github.com/rust-lang/crates.io-index"
dependencies = [
 "ruspiro-interrupt-core 0.2.0 (registry+https://github.com/rust-lang/crates.io-index)",
]

[[package]]
name = "ruspiro-singleton"
version = "0.2.0"
dependencies = [
 "ruspiro-interrupt-core 0.2.0 (registry+https://github.com/rust-lang/crates.io-index)",
 "ruspiro-lock 0.2.0 (registry+https://github.com/rust-lang/crates.io-index)",
]

[metadata]
"checksum ruspiro-interrupt-core 0.2.0 (registry+https://github.com/rust-lang/crates.io-index)" = "8a15562837cd3acf3ab87cd9f6b37993fd85f715e809d85d3a1ca345ba37d0a8"
"checksum ruspiro-lock 0.2.0 (registry+https://github.com/rust-lang/crates.io-index)" = "7fc5b7ad143b951a273265e3e32fe46a835faad367f3b9127face37a90f4b742"
