# This file is automatically @generated by Cargo.
# It is not intended for manual editing.
[[package]]
name = "ruspiro-lock"
version = "0.0.2"
source = "registry+https://github.com/rust-lang/crates.io-index"

[[package]]
name = "ruspiro-singleton"
version = "0.0.2"
dependencies = [
 "ruspiro-lock 0.0.2 (registry+https://github.com/rust-lang/crates.io-index)",
]

[metadata]
"checksum ruspiro-lock 0.0.2 (registry+https://github.com/rust-lang/crates.io-index)" = "747f64668f050f30cba05098c28bc29a732dbc6a85fa33c6a4f3f0bc8040ee5e"
