# This file is automatically @generated by Cargo.
# It is not intended for manual editing.
[[package]]
name = "ruspiro-lock"
version = "0.1.0"
source = "registry+https://github.com/rust-lang/crates.io-index"

[[package]]
name = "ruspiro-singleton"
version = "0.1.0"
dependencies = [
 "ruspiro-lock 0.1.0 (registry+https://github.com/rust-lang/crates.io-index)",
]

[metadata]
"checksum ruspiro-lock 0.1.0 (registry+https://github.com/rust-lang/crates.io-index)" = "5655fe05fe4b90dc84698371cf0d7db487c6826933017ae199d908cb2a96e9bc"
